
Microsoft Visual Studio Solution File, Format Version 12.00
# Visual Studio Version 17
VisualStudioVersion = 17.0.31903.59
MinimumVisualStudioVersion = 10.0.40219.1
Project("{2150E333-8FDC-42A3-9474-1A3956D46DE8}") = "src", "src", "{827E0CD3-B72D-47B6-A68D-7590B98EB39B}"
EndProject
Project("{2150E333-8FDC-42A3-9474-1A3956D46DE8}") = "ApiHost", "ApiHost", "{42926E0C-B187-78B7-30CB-6E832B613613}"
EndProject
Project("{FAE04EC0-301F-11D3-BF4B-00C04F79EFBC}") = "VGS.RetailOS.ApiHost", "src\ApiHost\VGS.RetailOS.ApiHost\VGS.RetailOS.ApiHost.csproj", "{1552F585-0CAA-4305-89E4-18D42927FF3D}"
EndProject
Project("{2150E333-8FDC-42A3-9474-1A3956D46DE8}") = "Shared", "Shared", "{C8E42992-5E42-0C2B-DBFE-AA848D06431C}"
EndProject
Project("{FAE04EC0-301F-11D3-BF4B-00C04F79EFBC}") = "VGS.RetailOS.Shared", "src\Shared\VGS.RetailOS.Shared\VGS.RetailOS.Shared.csproj", "{435F7607-47B7-4E77-AA92-F7A6F0C6CB8E}"
EndProject
Project("{2150E333-8FDC-42A3-9474-1A3956D46DE8}") = "Contracts", "Contracts", "{FFBE31B8-50B9-B415-22BC-2F92C97CADA3}"
EndProject
Project("{FAE04EC0-301F-11D3-BF4B-00C04F79EFBC}") = "VGS.RetailOS.Contracts", "src\Contracts\VGS.RetailOS.Contracts\VGS.RetailOS.Contracts.csproj", "{66C390AE-5D0D-4EC7-A2DA-7CE5F54F82E7}"
EndProject
Project("{2150E333-8FDC-42A3-9474-1A3956D46DE8}") = "Modules", "Modules", "{EC447DCF-ABFA-6E24-52A5-D7FD48A5C558}"
EndProject
Project("{FAE04EC0-301F-11D3-BF4B-00C04F79EFBC}") = "VGS.RetailOS.Modules", "src\Modules\VGS.RetailOS.Modules\VGS.RetailOS.Modules.csproj", "{0966719F-6969-486A-8839-54D867BA650E}"
EndProject
Project("{2150E333-8FDC-42A3-9474-1A3956D46DE8}") = "Infrastructure", "Infrastructure", "{9048EB7F-3875-A59E-E36B-5BD4C6F2A282}"
EndProject
Project("{FAE04EC0-301F-11D3-BF4B-00C04F79EFBC}") = "VGS.RetailOS.Infrastructure", "src\Infrastructure\VGS.RetailOS.Infrastructure\VGS.RetailOS.Infrastructure.csproj", "{CA630412-A30C-41E1-8020-58DC3317527A}"
EndProject
Project("{2150E333-8FDC-42A3-9474-1A3956D46DE8}") = "tests", "tests", "{0AB3BF05-4346-4AA6-1389-037BE0695223}"
EndProject
Project("{2150E333-8FDC-42A3-9474-1A3956D46DE8}") = "unit", "unit", "{9D556B49-86D1-93A7-9596-FFAAB74EC556}"
EndProject
Project("{FAE04EC0-301F-11D3-BF4B-00C04F79EFBC}") = "VGS.RetailOS.Tests.Unit", "tests\unit\VGS.RetailOS.Tests.Unit\VGS.RetailOS.Tests.Unit.csproj", "{83A27C41-C64F-4004-80BD-A15808C66397}"
EndProject
Project("{2150E333-8FDC-42A3-9474-1A3956D46DE8}") = "integration", "integration", "{28A6993C-471E-82FE-7D9E-AD3B1EC22BD9}"
EndProject
Project("{FAE04EC0-301F-11D3-BF4B-00C04F79EFBC}") = "VGS.RetailOS.Tests.Integration", "tests\integration\VGS.RetailOS.Tests.Integration\VGS.RetailOS.Tests.Integration.csproj", "{E2AC84EA-4915-4013-90A8-39471012C3DB}"
EndProject
Project("{2150E333-8FDC-42A3-9474-1A3956D46DE8}") = "api", "api", "{97094B24-3C9A-C0DB-C982-4A4025DE3508}"
EndProject
Project("{FAE04EC0-301F-11D3-BF4B-00C04F79EFBC}") = "VGS.RetailOS.Tests.Api", "tests\api\VGS.RetailOS.Tests.Api\VGS.RetailOS.Tests.Api.csproj", "{38D34894-D915-4822-9176-6A0EDF087595}"
EndProject
Project("{2150E333-8FDC-42A3-9474-1A3956D46DE8}") = "security", "security", "{AFF0839D-F866-33C7-E8C2-547BAEB3ADA1}"
EndProject
Project("{FAE04EC0-301F-11D3-BF4B-00C04F79EFBC}") = "VGS.RetailOS.Tests.Security", "tests\security\VGS.RetailOS.Tests.Security\VGS.RetailOS.Tests.Security.csproj", "{77B1EF9C-E37A-465B-8686-41B016FF9B6D}"
EndProject
Project("{2150E333-8FDC-42A3-9474-1A3956D46DE8}") = "performance", "performance", "{59F13AC0-48F4-1EAA-233F-95B7C7A91E1D}"
EndProject
Project("{FAE04EC0-301F-11D3-BF4B-00C04F79EFBC}") = "VGS.RetailOS.Tests.Performance", "tests\performance\VGS.RetailOS.Tests.Performance\VGS.RetailOS.Tests.Performance.csproj", "{1B80A192-BAD6-40AF-B088-AACDCB1030E2}"
EndProject
Project("{2150E333-8FDC-42A3-9474-1A3956D46DE8}") = "architecture", "architecture", "{875CD587-DE2F-08EE-74FB-D6BE4E474EF3}"
EndProject
Project("{FAE04EC0-301F-11D3-BF4B-00C04F79EFBC}") = "VGS.RetailOS.Tests.Architecture", "tests\architecture\VGS.RetailOS.Tests.Architecture\VGS.RetailOS.Tests.Architecture.csproj", "{A34E2E8F-DA6F-42DB-9943-5EBB4D17933D}"
EndProject
Global
	GlobalSection(SolutionConfigurationPlatforms) = preSolution
		Debug|Any CPU = Debug|Any CPU
		Debug|x64 = Debug|x64
		Debug|x86 = Debug|x86
		Release|Any CPU = Release|Any CPU
		Release|x64 = Release|x64
		Release|x86 = Release|x86
	EndGlobalSection
	GlobalSection(ProjectConfigurationPlatforms) = postSolution
		{1552F585-0CAA-4305-89E4-18D42927FF3D}.Debug|Any CPU.ActiveCfg = Debug|Any CPU
		{1552F585-0CAA-4305-89E4-18D42927FF3D}.Debug|Any CPU.Build.0 = Debug|Any CPU
		{1552F585-0CAA-4305-89E4-18D42927FF3D}.Debug|x64.ActiveCfg = Debug|Any CPU
		{1552F585-0CAA-4305-89E4-18D42927FF3D}.Debug|x64.Build.0 = Debug|Any CPU
		{1552F585-0CAA-4305-89E4-18D42927FF3D}.Debug|x86.ActiveCfg = Debug|Any CPU
		{1552F585-0CAA-4305-89E4-18D42927FF3D}.Debug|x86.Build.0 = Debug|Any CPU
		{1552F585-0CAA-4305-89E4-18D42927FF3D}.Release|Any CPU.ActiveCfg = Release|Any CPU
		{1552F585-0CAA-4305-89E4-18D42927FF3D}.Release|Any CPU.Build.0 = Release|Any CPU
		{1552F585-0CAA-4305-89E4-18D42927FF3D}.Release|x64.ActiveCfg = Release|Any CPU
		{1552F585-0CAA-4305-89E4-18D42927FF3D}.Release|x64.Build.0 = Release|Any CPU
		{1552F585-0CAA-4305-89E4-18D42927FF3D}.Release|x86.ActiveCfg = Release|Any CPU
		{1552F585-0CAA-4305-89E4-18D42927FF3D}.Release|x86.Build.0 = Release|Any CPU
		{435F7607-47B7-4E77-AA92-F7A6F0C6CB8E}.Debug|Any CPU.ActiveCfg = Debug|Any CPU
		{435F7607-47B7-4E77-AA92-F7A6F0C6CB8E}.Debug|Any CPU.Build.0 = Debug|Any CPU
		{435F7607-47B7-4E77-AA92-F7A6F0C6CB8E}.Debug|x64.ActiveCfg = Debug|Any CPU
		{435F7607-47B7-4E77-AA92-F7A6F0C6CB8E}.Debug|x64.Build.0 = Debug|Any CPU
		{435F7607-47B7-4E77-AA92-F7A6F0C6CB8E}.Debug|x86.ActiveCfg = Debug|Any CPU
		{435F7607-47B7-4E77-AA92-F7A6F0C6CB8E}.Debug|x86.Build.0 = Debug|Any CPU
		{435F7607-47B7-4E77-AA92-F7A6F0C6CB8E}.Release|Any CPU.ActiveCfg = Release|Any CPU
		{435F7607-47B7-4E77-AA92-F7A6F0C6CB8E}.Release|Any CPU.Build.0 = Release|Any CPU
		{435F7607-47B7-4E77-AA92-F7A6F0C6CB8E}.Release|x64.ActiveCfg = Release|Any CPU
		{435F7607-47B7-4E77-AA92-F7A6F0C6CB8E}.Release|x64.Build.0 = Release|Any CPU
		{435F7607-47B7-4E77-AA92-F7A6F0C6CB8E}.Release|x86.ActiveCfg = Release|Any CPU
		{435F7607-47B7-4E77-AA92-F7A6F0C6CB8E}.Release|x86.Build.0 = Release|Any CPU
		{66C390AE-5D0D-4EC7-A2DA-7CE5F54F82E7}.Debug|Any CPU.ActiveCfg = Debug|Any CPU
		{66C390AE-5D0D-4EC7-A2DA-7CE5F54F82E7}.Debug|Any CPU.Build.0 = Debug|Any CPU
		{66C390AE-5D0D-4EC7-A2DA-7CE5F54F82E7}.Debug|x64.ActiveCfg = Debug|Any CPU
		{66C390AE-5D0D-4EC7-A2DA-7CE5F54F82E7}.Debug|x64.Build.0 = Debug|Any CPU
		{66C390AE-5D0D-4EC7-A2DA-7CE5F54F82E7}.Debug|x86.ActiveCfg = Debug|Any CPU
		{66C390AE-5D0D-4EC7-A2DA-7CE5F54F82E7}.Debug|x86.Build.0 = Debug|Any CPU
		{66C390AE-5D0D-4EC7-A2DA-7CE5F54F82E7}.Release|Any CPU.ActiveCfg = Release|Any CPU
		{66C390AE-5D0D-4EC7-A2DA-7CE5F54F82E7}.Release|Any CPU.Build.0 = Release|Any CPU
		{66C390AE-5D0D-4EC7-A2DA-7CE5F54F82E7}.Release|x64.ActiveCfg = Release|Any CPU
		{66C390AE-5D0D-4EC7-A2DA-7CE5F54F82E7}.Release|x64.Build.0 = Release|Any CPU
		{66C390AE-5D0D-4EC7-A2DA-7CE5F54F82E7}.Release|x86.ActiveCfg = Release|Any CPU
		{66C390AE-5D0D-4EC7-A2DA-7CE5F54F82E7}.Release|x86.Build.0 = Release|Any CPU
		{0966719F-6969-486A-8839-54D867BA650E}.Debug|Any CPU.ActiveCfg = Debug|Any CPU
		{0966719F-6969-486A-8839-54D867BA650E}.Debug|Any CPU.Build.0 = Debug|Any CPU
		{0966719F-6969-486A-8839-54D867BA650E}.Debug|x64.ActiveCfg = Debug|Any CPU
		{0966719F-6969-486A-8839-54D867BA650E}.Debug|x64.Build.0 = Debug|Any CPU
		{0966719F-6969-486A-8839-54D867BA650E}.Debug|x86.ActiveCfg = Debug|Any CPU
		{0966719F-6969-486A-8839-54D867BA650E}.Debug|x86.Build.0 = Debug|Any CPU
		{0966719F-6969-486A-8839-54D867BA650E}.Release|Any CPU.ActiveCfg = Release|Any CPU
		{0966719F-6969-486A-8839-54D867BA650E}.Release|Any CPU.Build.0 = Release|Any CPU
		{0966719F-6969-486A-8839-54D867BA650E}.Release|x64.ActiveCfg = Release|Any CPU
		{0966719F-6969-486A-8839-54D867BA650E}.Release|x64.Build.0 = Release|Any CPU
		{0966719F-6969-486A-8839-54D867BA650E}.Release|x86.ActiveCfg = Release|Any CPU
		{0966719F-6969-486A-8839-54D867BA650E}.Release|x86.Build.0 = Release|Any CPU
		{CA630412-A30C-41E1-8020-58DC3317527A}.Debug|Any CPU.ActiveCfg = Debug|Any CPU
		{CA630412-A30C-41E1-8020-58DC3317527A}.Debug|Any CPU.Build.0 = Debug|Any CPU
		{CA630412-A30C-41E1-8020-58DC3317527A}.Debug|x64.ActiveCfg = Debug|Any CPU
		{CA630412-A30C-41E1-8020-58DC3317527A}.Debug|x64.Build.0 = Debug|Any CPU
		{CA630412-A30C-41E1-8020-58DC3317527A}.Debug|x86.ActiveCfg = Debug|Any CPU
		{CA630412-A30C-41E1-8020-58DC3317527A}.Debug|x86.Build.0 = Debug|Any CPU
		{CA630412-A30C-41E1-8020-58DC3317527A}.Release|Any CPU.ActiveCfg = Release|Any CPU
		{CA630412-A30C-41E1-8020-58DC3317527A}.Release|Any CPU.Build.0 = Release|Any CPU
		{CA630412-A30C-41E1-8020-58DC3317527A}.Release|x64.ActiveCfg = Release|Any CPU
		{CA630412-A30C-41E1-8020-58DC3317527A}.Release|x64.Build.0 = Release|Any CPU
		{CA630412-A30C-41E1-8020-58DC3317527A}.Release|x86.ActiveCfg = Release|Any CPU
		{CA630412-A30C-41E1-8020-58DC3317527A}.Release|x86.Build.0 = Release|Any CPU
		{83A27C41-C64F-4004-80BD-A15808C66397}.Debug|Any CPU.ActiveCfg = Debug|Any CPU
		{83A27C41-C64F-4004-80BD-A15808C66397}.Debug|Any CPU.Build.0 = Debug|Any CPU
		{83A27C41-C64F-4004-80BD-A15808C66397}.Debug|x64.ActiveCfg = Debug|Any CPU
		{83A27C41-C64F-4004-80BD-A15808C66397}.Debug|x64.Build.0 = Debug|Any CPU
		{83A27C41-C64F-4004-80BD-A15808C66397}.Debug|x86.ActiveCfg = Debug|Any CPU
		{83A27C41-C64F-4004-80BD-A15808C66397}.Debug|x86.Build.0 = Debug|Any CPU
		{83A27C41-C64F-4004-80BD-A15808C66397}.Release|Any CPU.ActiveCfg = Release|Any CPU
		{83A27C41-C64F-4004-80BD-A15808C66397}.Release|Any CPU.Build.0 = Release|Any CPU
		{83A27C41-C64F-4004-80BD-A15808C66397}.Release|x64.ActiveCfg = Release|Any CPU
		{83A27C41-C64F-4004-80BD-A15808C66397}.Release|x64.Build.0 = Release|Any CPU
		{83A27C41-C64F-4004-80BD-A15808C66397}.Release|x86.ActiveCfg = Release|Any CPU
		{83A27C41-C64F-4004-80BD-A15808C66397}.Release|x86.Build.0 = Release|Any CPU
		{E2AC84EA-4915-4013-90A8-39471012C3DB}.Debug|Any CPU.ActiveCfg = Debug|Any CPU
		{E2AC84EA-4915-4013-90A8-39471012C3DB}.Debug|Any CPU.Build.0 = Debug|Any CPU
		{E2AC84EA-4915-4013-90A8-39471012C3DB}.Debug|x64.ActiveCfg = Debug|Any CPU
		{E2AC84EA-4915-4013-90A8-39471012C3DB}.Debug|x64.Build.0 = Debug|Any CPU
		{E2AC84EA-4915-4013-90A8-39471012C3DB}.Debug|x86.ActiveCfg = Debug|Any CPU
		{E2AC84EA-4915-4013-90A8-39471012C3DB}.Debug|x86.Build.0 = Debug|Any CPU
		{E2AC84EA-4915-4013-90A8-39471012C3DB}.Release|Any CPU.ActiveCfg = Release|Any CPU
		{E2AC84EA-4915-4013-90A8-39471012C3DB}.Release|Any CPU.Build.0 = Release|Any CPU
		{E2AC84EA-4915-4013-90A8-39471012C3DB}.Release|x64.ActiveCfg = Release|Any CPU
		{E2AC84EA-4915-4013-90A8-39471012C3DB}.Release|x64.Build.0 = Release|Any CPU
		{E2AC84EA-4915-4013-90A8-39471012C3DB}.Release|x86.ActiveCfg = Release|Any CPU
		{E2AC84EA-4915-4013-90A8-39471012C3DB}.Release|x86.Build.0 = Release|Any CPU
		{38D34894-D915-4822-9176-6A0EDF087595}.Debug|Any CPU.ActiveCfg = Debug|Any CPU
		{38D34894-D915-4822-9176-6A0EDF087595}.Debug|Any CPU.Build.0 = Debug|Any CPU
		{38D34894-D915-4822-9176-6A0EDF087595}.Debug|x64.ActiveCfg = Debug|Any CPU
		{38D34894-D915-4822-9176-6A0EDF087595}.Debug|x64.Build.0 = Debug|Any CPU
		{38D34894-D915-4822-9176-6A0EDF087595}.Debug|x86.ActiveCfg = Debug|Any CPU
		{38D34894-D915-4822-9176-6A0EDF087595}.Debug|x86.Build.0 = Debug|Any CPU
		{38D34894-D915-4822-9176-6A0EDF087595}.Release|Any CPU.ActiveCfg = Release|Any CPU
		{38D34894-D915-4822-9176-6A0EDF087595}.Release|Any CPU.Build.0 = Release|Any CPU
		{38D34894-D915-4822-9176-6A0EDF087595}.Release|x64.ActiveCfg = Release|Any CPU
		{38D34894-D915-4822-9176-6A0EDF087595}.Release|x64.Build.0 = Release|Any CPU
		{38D34894-D915-4822-9176-6A0EDF087595}.Release|x86.ActiveCfg = Release|Any CPU
		{38D34894-D915-4822-9176-6A0EDF087595}.Release|x86.Build.0 = Release|Any CPU
		{77B1EF9C-E37A-465B-8686-41B016FF9B6D}.Debug|Any CPU.ActiveCfg = Debug|Any CPU
		{77B1EF9C-E37A-465B-8686-41B016FF9B6D}.Debug|Any CPU.Build.0 = Debug|Any CPU
		{77B1EF9C-E37A-465B-8686-41B016FF9B6D}.Debug|x64.ActiveCfg = Debug|Any CPU
		{77B1EF9C-E37A-465B-8686-41B016FF9B6D}.Debug|x64.Build.0 = Debug|Any CPU
		{77B1EF9C-E37A-465B-8686-41B016FF9B6D}.Debug|x86.ActiveCfg = Debug|Any CPU
		{77B1EF9C-E37A-465B-8686-41B016FF9B6D}.Debug|x86.Build.0 = Debug|Any CPU
		{77B1EF9C-E37A-465B-8686-41B016FF9B6D}.Release|Any CPU.ActiveCfg = Release|Any CPU
		{77B1EF9C-E37A-465B-8686-41B016FF9B6D}.Release|Any CPU.Build.0 = Release|Any CPU
		{77B1EF9C-E37A-465B-8686-41B016FF9B6D}.Release|x64.ActiveCfg = Release|Any CPU
		{77B1EF9C-E37A-465B-8686-41B016FF9B6D}.Release|x64.Build.0 = Release|Any CPU
		{77B1EF9C-E37A-465B-8686-41B016FF9B6D}.Release|x86.ActiveCfg = Release|Any CPU
		{77B1EF9C-E37A-465B-8686-41B016FF9B6D}.Release|x86.Build.0 = Release|Any CPU
		{1B80A192-BAD6-40AF-B088-AACDCB1030E2}.Debug|Any CPU.ActiveCfg = Debug|Any CPU
		{1B80A192-BAD6-40AF-B088-AACDCB1030E2}.Debug|Any CPU.Build.0 = Debug|Any CPU
		{1B80A192-BAD6-40AF-B088-AACDCB1030E2}.Debug|x64.ActiveCfg = Debug|Any CPU
		{1B80A192-BAD6-40AF-B088-AACDCB1030E2}.Debug|x64.Build.0 = Debug|Any CPU
		{1B80A192-BAD6-40AF-B088-AACDCB1030E2}.Debug|x86.ActiveCfg = Debug|Any CPU
		{1B80A192-BAD6-40AF-B088-AACDCB1030E2}.Debug|x86.Build.0 = Debug|Any CPU
		{1B80A192-BAD6-40AF-B088-AACDCB1030E2}.Release|Any CPU.ActiveCfg = Release|Any CPU
		{1B80A192-BAD6-40AF-B088-AACDCB1030E2}.Release|Any CPU.Build.0 = Release|Any CPU
		{1B80A192-BAD6-40AF-B088-AACDCB1030E2}.Release|x64.ActiveCfg = Release|Any CPU
		{1B80A192-BAD6-40AF-B088-AACDCB1030E2}.Release|x64.Build.0 = Release|Any CPU
		{1B80A192-BAD6-40AF-B088-AACDCB1030E2}.Release|x86.ActiveCfg = Release|Any CPU
		{1B80A192-BAD6-40AF-B088-AACDCB1030E2}.Release|x86.Build.0 = Release|Any CPU
		{A34E2E8F-DA6F-42DB-9943-5EBB4D17933D}.Debug|Any CPU.ActiveCfg = Debug|Any CPU
		{A34E2E8F-DA6F-42DB-9943-5EBB4D17933D}.Debug|Any CPU.Build.0 = Debug|Any CPU
		{A34E2E8F-DA6F-42DB-9943-5EBB4D17933D}.Debug|x64.ActiveCfg = Debug|Any CPU
		{A34E2E8F-DA6F-42DB-9943-5EBB4D17933D}.Debug|x64.Build.0 = Debug|Any CPU
		{A34E2E8F-DA6F-42DB-9943-5EBB4D17933D}.Debug|x86.ActiveCfg = Debug|Any CPU
		{A34E2E8F-DA6F-42DB-9943-5EBB4D17933D}.Debug|x86.Build.0 = Debug|Any CPU
		{A34E2E8F-DA6F-42DB-9943-5EBB4D17933D}.Release|Any CPU.ActiveCfg = Release|Any CPU
		{A34E2E8F-DA6F-42DB-9943-5EBB4D17933D}.Release|Any CPU.Build.0 = Release|Any CPU
		{A34E2E8F-DA6F-42DB-9943-5EBB4D17933D}.Release|x64.ActiveCfg = Release|Any CPU
		{A34E2E8F-DA6F-42DB-9943-5EBB4D17933D}.Release|x64.Build.0 = Release|Any CPU
		{A34E2E8F-DA6F-42DB-9943-5EBB4D17933D}.Release|x86.ActiveCfg = Release|Any CPU
		{A34E2E8F-DA6F-42DB-9943-5EBB4D17933D}.Release|x86.Build.0 = Release|Any CPU
	EndGlobalSection
	GlobalSection(SolutionProperties) = preSolution
		HideSolutionNode = FALSE
	EndGlobalSection
	GlobalSection(NestedProjects) = preSolution
		{42926E0C-B187-78B7-30CB-6E832B613613} = {827E0CD3-B72D-47B6-A68D-7590B98EB39B}
		{1552F585-0CAA-4305-89E4-18D42927FF3D} = {42926E0C-B187-78B7-30CB-6E832B613613}
		{C8E42992-5E42-0C2B-DBFE-AA848D06431C} = {827E0CD3-B72D-47B6-A68D-7590B98EB39B}
		{435F7607-47B7-4E77-AA92-F7A6F0C6CB8E} = {C8E42992-5E42-0C2B-DBFE-AA848D06431C}
		{FFBE31B8-50B9-B415-22BC-2F92C97CADA3} = {827E0CD3-B72D-47B6-A68D-7590B98EB39B}
		{66C390AE-5D0D-4EC7-A2DA-7CE5F54F82E7} = {FFBE31B8-50B9-B415-22BC-2F92C97CADA3}
		{EC447DCF-ABFA-6E24-52A5-D7FD48A5C558} = {827E0CD3-B72D-47B6-A68D-7590B98EB39B}
		{0966719F-6969-486A-8839-54D867BA650E} = {EC447DCF-ABFA-6E24-52A5-D7FD48A5C558}
		{9048EB7F-3875-A59E-E36B-5BD4C6F2A282} = {827E0CD3-B72D-47B6-A68D-7590B98EB39B}
		{CA630412-A30C-41E1-8020-58DC3317527A} = {9048EB7F-3875-A59E-E36B-5BD4C6F2A282}
		{9D556B49-86D1-93A7-9596-FFAAB74EC556} = {0AB3BF05-4346-4AA6-1389-037BE0695223}
		{83A27C41-C64F-4004-80BD-A15808C66397} = {9D556B49-86D1-93A7-9596-FFAAB74EC556}
		{28A6993C-471E-82FE-7D9E-AD3B1EC22BD9} = {0AB3BF05-4346-4AA6-1389-037BE0695223}
		{E2AC84EA-4915-4013-90A8-39471012C3DB} = {28A6993C-471E-82FE-7D9E-AD3B1EC22BD9}
		{97094B24-3C9A-C0DB-C982-4A4025DE3508} = {0AB3BF05-4346-4AA6-1389-037BE0695223}
		{38D34894-D915-4822-9176-6A0EDF087595} = {97094B24-3C9A-C0DB-C982-4A4025DE3508}
		{AFF0839D-F866-33C7-E8C2-547BAEB3ADA1} = {0AB3BF05-4346-4AA6-1389-037BE0695223}
		{77B1EF9C-E37A-465B-8686-41B016FF9B6D} = {AFF0839D-F866-33C7-E8C2-547BAEB3ADA1}
		{59F13AC0-48F4-1EAA-233F-95B7C7A91E1D} = {0AB3BF05-4346-4AA6-1389-037BE0695223}
		{1B80A192-BAD6-40AF-B088-AACDCB1030E2} = {59F13AC0-48F4-1EAA-233F-95B7C7A91E1D}
		{875CD587-DE2F-08EE-74FB-D6BE4E474EF3} = {0AB3BF05-4346-4AA6-1389-037BE0695223}
		{A34E2E8F-DA6F-42DB-9943-5EBB4D17933D} = {875CD587-DE2F-08EE-74FB-D6BE4E474EF3}
	EndGlobalSection
EndGlobal
